
Microsoft Visual Studio Solution File, Format Version 12.00
# Visual Studio 15
VisualStudioVersion = 15.0.27130.2027
MinimumVisualStudioVersion = 10.0.40219.1
Project("{FAE04EC0-301F-11D3-BF4B-00C04F79EFBC}") = "Sprung", "Sprung\Sprung.csproj", "{7249A4ED-3C99-49FC-9144-92F2AFEB5252}"
EndProject
Project("{2150E333-8FDC-42A3-9474-1A3956D46DE8}") = "Solution Items", "Solution Items", "{CD73995A-49EB-447F-9320-0AAE702575E2}"
EndProject
Project("{54435603-DBB4-11D2-8724-00A0C9A8B90C}") = "SprungSetup", "SprungSetup\SprungSetup.vdproj", "{6D924EC3-00D1-44A4-939D-0CDAEB1F5136}"
EndProject
Global
	GlobalSection(SolutionConfigurationPlatforms) = preSolution
		Debug|Any CPU = Debug|Any CPU
		Release|Any CPU = Release|Any CPU
	EndGlobalSection
	GlobalSection(ProjectConfigurationPlatforms) = postSolution
		{7249A4ED-3C99-49FC-9144-92F2AFEB5252}.Debug|Any CPU.ActiveCfg = Debug|x64
		{7249A4ED-3C99-49FC-9144-92F2AFEB5252}.Debug|Any CPU.Build.0 = Debug|x64
		{7249A4ED-3C99-49FC-9144-92F2AFEB5252}.Debug|Any CPU.Deploy.0 = Debug|x64
		{7249A4ED-3C99-49FC-9144-92F2AFEB5252}.Release|Any CPU.ActiveCfg = Release|Any CPU
		{7249A4ED-3C99-49FC-9144-92F2AFEB5252}.Release|Any CPU.Build.0 = Release|Any CPU
		{6D924EC3-00D1-44A4-939D-0CDAEB1F5136}.Debug|Any CPU.ActiveCfg = Debug
		{6D924EC3-00D1-44A4-939D-0CDAEB1F5136}.Debug|Any CPU.Build.0 = Debug
		{6D924EC3-00D1-44A4-939D-0CDAEB1F5136}.Release|Any CPU.ActiveCfg = Release
		{6D924EC3-00D1-44A4-939D-0CDAEB1F5136}.Release|Any CPU.Build.0 = Release
	EndGlobalSection
	GlobalSection(SolutionProperties) = preSolution
		HideSolutionNode = FALSE
	EndGlobalSection
	GlobalSection(ExtensibilityGlobals) = postSolution
		SolutionGuid = {ADDFDF9C-9774-49C5-A802-C3CBDB7FC403}
	EndGlobalSection
EndGlobal
